# THIS IS AN AUTOGENERATED FILE. DO NOT EDIT THIS FILE DIRECTLY.
# yarn lockfile v1


"@types/node@^14.x":
  version "14.18.63"
  resolved "https://registry.yarnpkg.com/@types/node/-/node-14.18.63.tgz#1788fa8da838dbb5f9ea994b834278205db6ca2b"
  integrity sha512-fAtCfv4jJg+ExtXhvCkCqUKZ+4ok/JQk01qDKhL5BDDoS3AxKXhV5/MAVUZyQnSEd2GT92fkgZl0pz0Q0AzcIQ==

fast-xml-parser@^4.5.0:
  version "4.5.0"
  resolved "https://registry.yarnpkg.com/fast-xml-parser/-/fast-xml-parser-4.5.0.tgz#2882b7d01a6825dfdf909638f2de0256351def37"
  integrity sha512-/PlTQCI96+fZMAOLMZK4CWG1ItCbfZ/0jx7UIJFChPNrx7tcEgerUgWbeieCM9MfHInUDyK8DWYZ+YrywDJuTg==
  dependencies:
    strnum "^1.0.5"

strnum@^1.0.5:
  version "1.0.5"
  resolved "https://registry.yarnpkg.com/strnum/-/strnum-1.0.5.tgz#5c4e829fe15ad4ff0d20c3db5ac97b73c9b072db"
  integrity sha512-J8bbNyKKXl5qYcR36TIO8W3mVGVHrmmxsd5PAItGkmyzwJvybiw2IVq5nqd0i4LSNSkB/sx9VHllbfFdr9k1JA==

typescript@^4.x:
  version "4.9.5"
  resolved "https://registry.yarnpkg.com/typescript/-/typescript-4.9.5.tgz#095979f9bcc0d09da324d58d03ce8f8374cbe65a"
  integrity sha512-1FXk9E2Hm+QzZQ7z+McJiHL4NW1F2EzMu9Nq9i3zAaGqibafqYwCVU6WyWAuyQRRzOlxou8xZSyXLEN8oKj24g==
